
Microsoft Visual Studio Solution File, Format Version 12.00
# Visual Studio 15
VisualStudioVersion = 15.0.27130.2003
MinimumVisualStudioVersion = 10.0.40219.1
Project("{FAE04EC0-301F-11D3-BF4B-00C04F79EFBC}") = "gSIP.Channels", "gSIP.Channels\gSIP.Channels.csproj", "{E3DA175A-0774-4CA9-A1A5-654BBCB69A31}"
EndProject
Project("{FAE04EC0-301F-11D3-BF4B-00C04F79EFBC}") = "gSIP.Common", "gSIP.Common\gSIP.Common.csproj", "{02B799AF-FEF9-463C-BE5B-C8D152F86C7D}"
EndProject
Project("{FAE04EC0-301F-11D3-BF4B-00C04F79EFBC}") = "gSIP.Logger", "gSIP.Logger\gSIP.Logger.csproj", "{A9AD4481-88D5-4C4D-8A82-DD187387DD3A}"
EndProject
Project("{2150E333-8FDC-42A3-9474-1A3956D46DE8}") = "Solution Items", "Solution Items", "{1BBD3C45-A67C-4558-95D5-EBBB636DAB04}"
	ProjectSection(SolutionItems) = preProject
		.gitattributes = .gitattributes
		.gitignore = .gitignore
		LICENSE = LICENSE
		LICENSE.ru = LICENSE.ru
		README.md = README.md
	EndProjectSection
EndProject
Project("{FAE04EC0-301F-11D3-BF4B-00C04F79EFBC}") = "gSIP.CommonTests", "gSIP.CommonTests\gSIP.CommonTests.csproj", "{76C24BBA-D5EE-47AD-8F10-84EC95DB55EF}"
EndProject
Project("{FAE04EC0-301F-11D3-BF4B-00C04F79EFBC}") = "gSIP.Message", "gSIP.Message\gSIP.Message.csproj", "{4982D864-1EF3-4A85-9687-190A01EBF763}"
EndProject
Project("{FAE04EC0-301F-11D3-BF4B-00C04F79EFBC}") = "ConsoleAppExample", "ConsoleAppExample\ConsoleAppExample.csproj", "{14FEBA81-A602-4EA4-A077-1A02E62D0000}"
EndProject
Project("{FAE04EC0-301F-11D3-BF4B-00C04F79EFBC}") = "gSIP.ChannelsTests", "gSIP.ChannelsTests\gSIP.ChannelsTests.csproj", "{784A4090-A267-403D-820F-501C5A70EADD}"
EndProject
Global
	GlobalSection(SolutionConfigurationPlatforms) = preSolution
		Debug|Any CPU = Debug|Any CPU
		Release|Any CPU = Release|Any CPU
	EndGlobalSection
	GlobalSection(ProjectConfigurationPlatforms) = postSolution
		{E3DA175A-0774-4CA9-A1A5-654BBCB69A31}.Debug|Any CPU.ActiveCfg = Debug|Any CPU
		{E3DA175A-0774-4CA9-A1A5-654BBCB69A31}.Debug|Any CPU.Build.0 = Debug|Any CPU
		{E3DA175A-0774-4CA9-A1A5-654BBCB69A31}.Release|Any CPU.ActiveCfg = Release|Any CPU
		{E3DA175A-0774-4CA9-A1A5-654BBCB69A31}.Release|Any CPU.Build.0 = Release|Any CPU
		{02B799AF-FEF9-463C-BE5B-C8D152F86C7D}.Debug|Any CPU.ActiveCfg = Debug|Any CPU
		{02B799AF-FEF9-463C-BE5B-C8D152F86C7D}.Debug|Any CPU.Build.0 = Debug|Any CPU
		{02B799AF-FEF9-463C-BE5B-C8D152F86C7D}.Release|Any CPU.ActiveCfg = Release|Any CPU
		{02B799AF-FEF9-463C-BE5B-C8D152F86C7D}.Release|Any CPU.Build.0 = Release|Any CPU
		{A9AD4481-88D5-4C4D-8A82-DD187387DD3A}.Debug|Any CPU.ActiveCfg = Debug|Any CPU
		{A9AD4481-88D5-4C4D-8A82-DD187387DD3A}.Debug|Any CPU.Build.0 = Debug|Any CPU
		{A9AD4481-88D5-4C4D-8A82-DD187387DD3A}.Release|Any CPU.ActiveCfg = Release|Any CPU
		{A9AD4481-88D5-4C4D-8A82-DD187387DD3A}.Release|Any CPU.Build.0 = Release|Any CPU
		{76C24BBA-D5EE-47AD-8F10-84EC95DB55EF}.Debug|Any CPU.ActiveCfg = Debug|Any CPU
		{76C24BBA-D5EE-47AD-8F10-84EC95DB55EF}.Debug|Any CPU.Build.0 = Debug|Any CPU
		{76C24BBA-D5EE-47AD-8F10-84EC95DB55EF}.Release|Any CPU.ActiveCfg = Release|Any CPU
		{76C24BBA-D5EE-47AD-8F10-84EC95DB55EF}.Release|Any CPU.Build.0 = Release|Any CPU
		{4982D864-1EF3-4A85-9687-190A01EBF763}.Debug|Any CPU.ActiveCfg = Debug|Any CPU
		{4982D864-1EF3-4A85-9687-190A01EBF763}.Debug|Any CPU.Build.0 = Debug|Any CPU
		{4982D864-1EF3-4A85-9687-190A01EBF763}.Release|Any CPU.ActiveCfg = Release|Any CPU
		{4982D864-1EF3-4A85-9687-190A01EBF763}.Release|Any CPU.Build.0 = Release|Any CPU
		{14FEBA81-A602-4EA4-A077-1A02E62D0000}.Debug|Any CPU.ActiveCfg = Debug|Any CPU
		{14FEBA81-A602-4EA4-A077-1A02E62D0000}.Debug|Any CPU.Build.0 = Debug|Any CPU
		{14FEBA81-A602-4EA4-A077-1A02E62D0000}.Release|Any CPU.ActiveCfg = Release|Any CPU
		{14FEBA81-A602-4EA4-A077-1A02E62D0000}.Release|Any CPU.Build.0 = Release|Any CPU
		{784A4090-A267-403D-820F-501C5A70EADD}.Debug|Any CPU.ActiveCfg = Debug|Any CPU
		{784A4090-A267-403D-820F-501C5A70EADD}.Debug|Any CPU.Build.0 = Debug|Any CPU
		{784A4090-A267-403D-820F-501C5A70EADD}.Release|Any CPU.ActiveCfg = Release|Any CPU
		{784A4090-A267-403D-820F-501C5A70EADD}.Release|Any CPU.Build.0 = Release|Any CPU
	EndGlobalSection
	GlobalSection(SolutionProperties) = preSolution
		HideSolutionNode = FALSE
	EndGlobalSection
	GlobalSection(ExtensibilityGlobals) = postSolution
		SolutionGuid = {81393D19-D5DF-4B05-8C5C-5826B895D930}
	EndGlobalSection
EndGlobal
